{
  "name": "lezer-grammar",
  "version": "0.1.0",
  "lockfileVersion": 1,
  "requires": true,
  "dependencies": {
    "lezer": {
      "version": "0.12.1",
      "resolved": "https://registry.npmjs.org/lezer/-/lezer-0.12.1.tgz",
      "integrity": "sha512-CK/kfRFzRGAh5nZ8hOTi6/6o3XnL7TWoJBLHg/xOYBpzFs7E50qUEYNehMYHZSyGugpeq8d121lkmRgn7t397g==",
      "requires": {
        "lezer-tree": "^0.12.0"
      }
    },
    "lezer-generator": {
      "version": "0.12.0",
      "resolved": "https://registry.npmjs.org/lezer-generator/-/lezer-generator-0.12.0.tgz",
      "integrity": "sha512-UjiTJld02DGczOTUHCDqgBkiKVkrjL2tkba3PEE7AAc++sJgzdm9UZ/+52VmsRbuwCMrfZ1fJC1tKVe3xqPRSw==",
      "dev": true,
      "requires": {
        "lezer": "^0.12.0"
      }
    },
    "lezer-tree": {
      "version": "0.12.3",
      "resolved": "https://registry.npmjs.org/lezer-tree/-/lezer-tree-0.12.3.tgz",
      "integrity": "sha512-3WPuomiOpnivc+DrXdZj1C+gImdSgCYeiwkqFgbWenRv1/zgP3QO5Eij5rDwS7R2rDI7hozVNrg/Yy4tkOhF9A=="
    }
  }
}
