{
  "name": "lezer-grammar",
  "version": "0.1.0",
  "lockfileVersion": 1,
  "requires": true,
  "dependencies": {
    "lezer": {
      "version": "0.13.1",
      "resolved": "https://registry.npmjs.org/lezer/-/lezer-0.13.1.tgz",
      "integrity": "sha512-aDX9OHYWQFt3s7C0IEil//Lckxbr02dCRyxB/uTxVuZjBsNHnUJ8Y83OgDi+uNFwRsexhdoMF0/PSvmky/Fg/g==",
      "requires": {
        "lezer-tree": "^0.13.0"
      }
    },
    "lezer-generator": {
      "version": "0.13.2",
      "resolved": "https://registry.npmjs.org/lezer-generator/-/lezer-generator-0.13.2.tgz",
      "integrity": "sha512-W+4xcbOIRQ1yBb2JEo5iMa7KZ56ac0kxb5qmzMimIlZzzMSdSfLCxyoHEsJkJJS8nVFN63GoV6vGnFKP35hzwQ==",
      "dev": true,
      "requires": {
        "lezer": "^0.13.0"
      }
    },
    "lezer-tree": {
      "version": "0.13.0",
      "resolved": "https://registry.npmjs.org/lezer-tree/-/lezer-tree-0.13.0.tgz",
      "integrity": "sha512-YqGD22WxQmT6np2JEX5Z+zhdBSfPEcQ8B6ct+39oLzSAHecUPUd/maN5PKNtnUZbSzd81mEx1ZqzMDA1eRSRcg=="
    }
  }
}
